
Microsoft Visual Studio Solution File, Format Version 12.00
# Visual Studio 15
VisualStudioVersion = 15.0.28307.271
MinimumVisualStudioVersion = 10.0.40219.1
Project("{9A19103F-16F7-4668-BE54-9A1E7A4F7556}") = "Core", "Core\Core.csproj", "{2D5E590E-BA1D-4F28-99BF-26D8FADC06A4}"
EndProject
Project("{9A19103F-16F7-4668-BE54-9A1E7A4F7556}") = "CoreTest", "CoreTest\CoreTest.csproj", "{022A6E4C-8B73-4246-91EE-369AF648C116}"
EndProject
Project("{9A19103F-16F7-4668-BE54-9A1E7A4F7556}") = "WebApi", "WebApi\WebApi.csproj", "{67FD1E84-40CE-4D99-86D3-33B4C94E0A99}"
EndProject
Project("{9A19103F-16F7-4668-BE54-9A1E7A4F7556}") = "WebApp", "WebApp\WebApp.csproj", "{850E09C1-BF1E-4231-9C9C-1425187C1748}"
EndProject
Project("{FAE04EC0-301F-11D3-BF4B-00C04F79EFBC}") = "Data", "Data\Data.csproj", "{7EF15150-043C-4198-9E1D-A69CBB653ADF}"
EndProject
Global
	GlobalSection(SolutionConfigurationPlatforms) = preSolution
		Debug|Any CPU = Debug|Any CPU
		Release|Any CPU = Release|Any CPU
	EndGlobalSection
	GlobalSection(ProjectConfigurationPlatforms) = postSolution
		{2D5E590E-BA1D-4F28-99BF-26D8FADC06A4}.Debug|Any CPU.ActiveCfg = Debug|Any CPU
		{2D5E590E-BA1D-4F28-99BF-26D8FADC06A4}.Debug|Any CPU.Build.0 = Debug|Any CPU
		{2D5E590E-BA1D-4F28-99BF-26D8FADC06A4}.Release|Any CPU.ActiveCfg = Release|Any CPU
		{2D5E590E-BA1D-4F28-99BF-26D8FADC06A4}.Release|Any CPU.Build.0 = Release|Any CPU
		{022A6E4C-8B73-4246-91EE-369AF648C116}.Debug|Any CPU.ActiveCfg = Debug|Any CPU
		{022A6E4C-8B73-4246-91EE-369AF648C116}.Debug|Any CPU.Build.0 = Debug|Any CPU
		{022A6E4C-8B73-4246-91EE-369AF648C116}.Release|Any CPU.ActiveCfg = Release|Any CPU
		{022A6E4C-8B73-4246-91EE-369AF648C116}.Release|Any CPU.Build.0 = Release|Any CPU
		{67FD1E84-40CE-4D99-86D3-33B4C94E0A99}.Debug|Any CPU.ActiveCfg = Debug|Any CPU
		{67FD1E84-40CE-4D99-86D3-33B4C94E0A99}.Debug|Any CPU.Build.0 = Debug|Any CPU
		{67FD1E84-40CE-4D99-86D3-33B4C94E0A99}.Release|Any CPU.ActiveCfg = Release|Any CPU
		{67FD1E84-40CE-4D99-86D3-33B4C94E0A99}.Release|Any CPU.Build.0 = Release|Any CPU
		{850E09C1-BF1E-4231-9C9C-1425187C1748}.Debug|Any CPU.ActiveCfg = Debug|Any CPU
		{850E09C1-BF1E-4231-9C9C-1425187C1748}.Debug|Any CPU.Build.0 = Debug|Any CPU
		{850E09C1-BF1E-4231-9C9C-1425187C1748}.Release|Any CPU.ActiveCfg = Release|Any CPU
		{850E09C1-BF1E-4231-9C9C-1425187C1748}.Release|Any CPU.Build.0 = Release|Any CPU
		{7EF15150-043C-4198-9E1D-A69CBB653ADF}.Debug|Any CPU.ActiveCfg = Debug|Any CPU
		{7EF15150-043C-4198-9E1D-A69CBB653ADF}.Debug|Any CPU.Build.0 = Debug|Any CPU
		{7EF15150-043C-4198-9E1D-A69CBB653ADF}.Release|Any CPU.ActiveCfg = Release|Any CPU
		{7EF15150-043C-4198-9E1D-A69CBB653ADF}.Release|Any CPU.Build.0 = Release|Any CPU
	EndGlobalSection
	GlobalSection(SolutionProperties) = preSolution
		HideSolutionNode = FALSE
	EndGlobalSection
	GlobalSection(ExtensibilityGlobals) = postSolution
		SolutionGuid = {395885FE-A36E-409D-9FC4-8A5ADAFF8BAF}
	EndGlobalSection
EndGlobal
